
Microsoft Visual Studio Solution File, Format Version 12.00
# Visual Studio Version 17
VisualStudioVersion = 17.2.32616.157
MinimumVisualStudioVersion = 10.0.40219.1
Project("{FAE04EC0-301F-11D3-BF4B-00C04F79EFBC}") = "VererbungBasics", "VererbungBasics\VererbungBasics.csproj", "{70101DCA-017C-406C-BF91-2B1328DCAA04}"
EndProject
Global
	GlobalSection(SolutionConfigurationPlatforms) = preSolution
		Debug|Any CPU = Debug|Any CPU
		Release|Any CPU = Release|Any CPU
	EndGlobalSection
	GlobalSection(ProjectConfigurationPlatforms) = postSolution
		{70101DCA-017C-406C-BF91-2B1328DCAA04}.Debug|Any CPU.ActiveCfg = Debug|Any CPU
		{70101DCA-017C-406C-BF91-2B1328DCAA04}.Debug|Any CPU.Build.0 = Debug|Any CPU
		{70101DCA-017C-406C-BF91-2B1328DCAA04}.Release|Any CPU.ActiveCfg = Release|Any CPU
		{70101DCA-017C-406C-BF91-2B1328DCAA04}.Release|Any CPU.Build.0 = Release|Any CPU
	EndGlobalSection
	GlobalSection(SolutionProperties) = preSolution
		HideSolutionNode = FALSE
	EndGlobalSection
	GlobalSection(ExtensibilityGlobals) = postSolution
		SolutionGuid = {53FAF503-4002-4DC4-AC8D-A37DA15B2C33}
	EndGlobalSection
EndGlobal
